
Microsoft Visual Studio Solution File, Format Version 12.00
# Visual Studio Version 17
VisualStudioVersion = 17.11.35327.3
MinimumVisualStudioVersion = 10.0.40219.1
Project("{8BC9CEB8-8B4A-11D0-8D11-00A0C91BC942}") = "OptModelInput", "OptModelInput\OptModelInput.vcxproj", "{DA5764D1-F05F-4FB5-B0A1-87002C108D7D}"
EndProject
Global
	GlobalSection(SolutionConfigurationPlatforms) = preSolution
		Debug|x64 = Debug|x64
		Release|x64 = Release|x64
	EndGlobalSection
	GlobalSection(ProjectConfigurationPlatforms) = postSolution
		{DA5764D1-F05F-4FB5-B0A1-87002C108D7D}.Debug|x64.ActiveCfg = Debug|x64
		{DA5764D1-F05F-4FB5-B0A1-87002C108D7D}.Debug|x64.Build.0 = Debug|x64
		{DA5764D1-F05F-4FB5-B0A1-87002C108D7D}.Release|x64.ActiveCfg = Release|x64
		{DA5764D1-F05F-4FB5-B0A1-87002C108D7D}.Release|x64.Build.0 = Release|x64
	EndGlobalSection
	GlobalSection(SolutionProperties) = preSolution
		HideSolutionNode = FALSE
	EndGlobalSection
	GlobalSection(ExtensibilityGlobals) = postSolution
		SolutionGuid = {8B209AF3-3042-4FF5-B1AE-02DAD2992785}
	EndGlobalSection
EndGlobal
